
Microsoft Visual Studio Solution File, Format Version 12.00
# Visual Studio 15
VisualStudioVersion = 15.0.26206.0
MinimumVisualStudioVersion = 10.0.40219.1
Project("{FAE04EC0-301F-11D3-BF4B-00C04F79EFBC}") = "HomeCinema.Entities", "HomeCinema.Entities\HomeCinema.Entities.csproj", "{51BB0E80-5C64-4E1C-B363-7726D28E43AB}"
EndProject
Project("{FAE04EC0-301F-11D3-BF4B-00C04F79EFBC}") = "HomeCinema.Data", "HomeCinema.Data\HomeCinema.Data.csproj", "{3928EEE0-3088-4E56-A4B7-D1F8FE2E826D}"
EndProject
Project("{FAE04EC0-301F-11D3-BF4B-00C04F79EFBC}") = "HomeCinema.Services", "HomeCinema.Services\HomeCinema.Services.csproj", "{2D872391-E29F-4C4B-BD1A-C4D3CD8D5B5B}"
EndProject
Project("{FAE04EC0-301F-11D3-BF4B-00C04F79EFBC}") = "HomeCinema.Web", "HomeCinema.Web\HomeCinema.Web.csproj", "{ADD77D02-7B99-439E-9E8A-3A2C24BD386F}"
EndProject
Global
	GlobalSection(SolutionConfigurationPlatforms) = preSolution
		Debug|Any CPU = Debug|Any CPU
		Release|Any CPU = Release|Any CPU
	EndGlobalSection
	GlobalSection(ProjectConfigurationPlatforms) = postSolution
		{51BB0E80-5C64-4E1C-B363-7726D28E43AB}.Debug|Any CPU.ActiveCfg = Debug|Any CPU
		{51BB0E80-5C64-4E1C-B363-7726D28E43AB}.Debug|Any CPU.Build.0 = Debug|Any CPU
		{51BB0E80-5C64-4E1C-B363-7726D28E43AB}.Release|Any CPU.ActiveCfg = Release|Any CPU
		{51BB0E80-5C64-4E1C-B363-7726D28E43AB}.Release|Any CPU.Build.0 = Release|Any CPU
		{3928EEE0-3088-4E56-A4B7-D1F8FE2E826D}.Debug|Any CPU.ActiveCfg = Debug|Any CPU
		{3928EEE0-3088-4E56-A4B7-D1F8FE2E826D}.Debug|Any CPU.Build.0 = Debug|Any CPU
		{3928EEE0-3088-4E56-A4B7-D1F8FE2E826D}.Release|Any CPU.ActiveCfg = Release|Any CPU
		{3928EEE0-3088-4E56-A4B7-D1F8FE2E826D}.Release|Any CPU.Build.0 = Release|Any CPU
		{2D872391-E29F-4C4B-BD1A-C4D3CD8D5B5B}.Debug|Any CPU.ActiveCfg = Debug|Any CPU
		{2D872391-E29F-4C4B-BD1A-C4D3CD8D5B5B}.Debug|Any CPU.Build.0 = Debug|Any CPU
		{2D872391-E29F-4C4B-BD1A-C4D3CD8D5B5B}.Release|Any CPU.ActiveCfg = Release|Any CPU
		{2D872391-E29F-4C4B-BD1A-C4D3CD8D5B5B}.Release|Any CPU.Build.0 = Release|Any CPU
		{ADD77D02-7B99-439E-9E8A-3A2C24BD386F}.Debug|Any CPU.ActiveCfg = Debug|Any CPU
		{ADD77D02-7B99-439E-9E8A-3A2C24BD386F}.Debug|Any CPU.Build.0 = Debug|Any CPU
		{ADD77D02-7B99-439E-9E8A-3A2C24BD386F}.Release|Any CPU.ActiveCfg = Release|Any CPU
		{ADD77D02-7B99-439E-9E8A-3A2C24BD386F}.Release|Any CPU.Build.0 = Release|Any CPU
	EndGlobalSection
	GlobalSection(SolutionProperties) = preSolution
		HideSolutionNode = FALSE
	EndGlobalSection
EndGlobal
